
Microsoft Visual Studio Solution File, Format Version 12.00
# Visual Studio Version 17
VisualStudioVersion = 17.8.34330.188
MinimumVisualStudioVersion = 10.0.40219.1
Project("{8BC9CEB8-8B4A-11D0-8D11-00A0C91BC942}") = "helloWorld", "Project1\Project1.vcxproj", "{C280082E-139B-44DF-AE72-6662A394DA19}"
EndProject
Project("{8BC9CEB8-8B4A-11D0-8D11-00A0C91BC942}") = "printfShow", "Project2\Project2.vcxproj", "{6CD2874B-FC19-42BF-988B-DA8E48AFB90B}"
EndProject
Project("{8BC9CEB8-8B4A-11D0-8D11-00A0C91BC942}") = "scanf", "scanf\scanf.vcxproj", "{644B4118-9EBF-4CB7-992B-7C6A3E73C41A}"
EndProject
Project("{8BC9CEB8-8B4A-11D0-8D11-00A0C91BC942}") = "switch", "switch\switch.vcxproj", "{A0EC52FC-FBD1-4531-BC8B-08FCD26F770C}"
EndProject
Project("{8BC9CEB8-8B4A-11D0-8D11-00A0C91BC942}") = "Array", "varArray\varArray.vcxproj", "{73A439A9-2BA4-4BD0-A4BC-600695FD38DC}"
EndProject
Project("{8BC9CEB8-8B4A-11D0-8D11-00A0C91BC942}") = "secondLarge", "secondLarge\secondLarge.vcxproj", "{BDE7FA47-E43E-46B1-9F06-221AECAB16F7}"
EndProject
Project("{8BC9CEB8-8B4A-11D0-8D11-00A0C91BC942}") = "sortSelect", "sortSelect\sortSelect.vcxproj", "{D2829988-68DA-477C-9044-AC60C57EBF97}"
EndProject
Project("{8BC9CEB8-8B4A-11D0-8D11-00A0C91BC942}") = "sortSelect_V2", "sortSelect_V2\sortSelect_V2.vcxproj", "{5FD4B1FA-861D-482B-AF4A-12669CD5CEDD}"
EndProject
Project("{8BC9CEB8-8B4A-11D0-8D11-00A0C91BC942}") = "findData", "findData\findData.vcxproj", "{FB01D039-7C87-4E34-827D-D0B2878E6804}"
EndProject
Project("{8BC9CEB8-8B4A-11D0-8D11-00A0C91BC942}") = "Array2D", "Array2D\Array2D.vcxproj", "{266C6E2A-1FA5-4C3A-A027-2B27754BFE95}"
EndProject
Project("{8BC9CEB8-8B4A-11D0-8D11-00A0C91BC942}") = "memory", "memory\memory.vcxproj", "{B1F529A5-2A3C-4D84-94BB-F1886867D8B9}"
EndProject
Project("{8BC9CEB8-8B4A-11D0-8D11-00A0C91BC942}") = "pointers", "pointers\pointers.vcxproj", "{B9F993D5-9889-461F-AE7D-889784EAA03E}"
EndProject
Project("{8BC9CEB8-8B4A-11D0-8D11-00A0C91BC942}") = "mergerArray", "mergerArray\mergerArray.vcxproj", "{557E0753-AF01-47F0-8358-45D8ACAE08CF}"
EndProject
Project("{8BC9CEB8-8B4A-11D0-8D11-00A0C91BC942}") = "Array2DAccess", "Array2DAccess\Array2DAccess.vcxproj", "{288AFCF3-E144-4723-BE70-AA1B0055B51D}"
EndProject
Project("{8BC9CEB8-8B4A-11D0-8D11-00A0C91BC942}") = "RandFunction", "RandFunction\RandFunction.vcxproj", "{2282B9F5-C894-4207-87F6-B85C18321E36}"
EndProject
Project("{8BC9CEB8-8B4A-11D0-8D11-00A0C91BC942}") = "myFunctions", "myFunctions\myFunctions.vcxproj", "{E7787521-F358-431A-882E-445269D0DB28}"
EndProject
Project("{8BC9CEB8-8B4A-11D0-8D11-00A0C91BC942}") = "VariableScope", "VariableScope\VariableScope.vcxproj", "{FB0CDFA4-0486-4F00-AC68-7931DBAC4636}"
EndProject
Project("{8BC9CEB8-8B4A-11D0-8D11-00A0C91BC942}") = "String", "String\String.vcxproj", "{D30893E0-3C75-46A4-83B7-61F2FBB405B7}"
EndProject
Project("{8BC9CEB8-8B4A-11D0-8D11-00A0C91BC942}") = "Struct", "Struct\Struct.vcxproj", "{3375B86B-5BA6-421C-8AE5-70F8D2ABFA34}"
EndProject
Project("{8BC9CEB8-8B4A-11D0-8D11-00A0C91BC942}") = "structStack", "Stackstruct\Stackstruct.vcxproj", "{CEFEAEBA-4DD2-4C36-8C38-840593233FD6}"
EndProject
Project("{8BC9CEB8-8B4A-11D0-8D11-00A0C91BC942}") = "structList", "structList\structList.vcxproj", "{8C82DC13-FFF0-49F0-B595-D24D479F8CE9}"
EndProject
Project("{8BC9CEB8-8B4A-11D0-8D11-00A0C91BC942}") = "File", "File\File.vcxproj", "{3C9D43FE-2844-446B-9204-BB6ECE980D4F}"
EndProject
Project("{8BC9CEB8-8B4A-11D0-8D11-00A0C91BC942}") = "ListApplication", "ListApplication\ListApplication.vcxproj", "{DEE062D8-9347-43C8-9478-D80A72BEB56B}"
EndProject
Project("{8BC9CEB8-8B4A-11D0-8D11-00A0C91BC942}") = "CplusplusFuncOverload", "CplusplusFuncOverload\CplusplusFuncOverload.vcxproj", "{45D92936-FDD9-4B2A-9CDC-4C0C3FCE247F}"
EndProject
Project("{8BC9CEB8-8B4A-11D0-8D11-00A0C91BC942}") = "CplusplusRefVariable", "CplusplusRefVariable\CplusplusRefVariable.vcxproj", "{A96093E6-D428-4990-9CC6-603C58B257AD}"
EndProject
Project("{8BC9CEB8-8B4A-11D0-8D11-00A0C91BC942}") = "CplusplusMemManage", "CplusplusMemManage\CplusplusMemManage.vcxproj", "{991F44FC-C265-4180-B65E-DB17A84214CD}"
EndProject
Project("{8BC9CEB8-8B4A-11D0-8D11-00A0C91BC942}") = "CplusplusNamespace", "CplusplusNamespace\CplusplusNamespace.vcxproj", "{B1E8A21B-D3F4-4AEF-A6F1-A43F345ED4BE}"
EndProject
Project("{8BC9CEB8-8B4A-11D0-8D11-00A0C91BC942}") = "CplusplusEncapsulation", "CplusplusConstRef\CplusplusConstRef.vcxproj", "{6CAF944F-D0AE-43B8-9E34-762938FEEA48}"
EndProject
Project("{8BC9CEB8-8B4A-11D0-8D11-00A0C91BC942}") = "CplusplusStack", "CplusplusStack\CplusplusStack.vcxproj", "{C35F384E-B540-4600-8311-3ACDA5A57033}"
EndProject
Project("{8BC9CEB8-8B4A-11D0-8D11-00A0C91BC942}") = "CplusplusString", "CplusplusString\CplusplusString.vcxproj", "{9A97CED8-5B64-4E7D-8FE0-728D144F5687}"
EndProject
Project("{8BC9CEB8-8B4A-11D0-8D11-00A0C91BC942}") = "STL_vector", "STL_vector\STL_vector.vcxproj", "{D449EE83-F4C1-41E3-9784-A1F37E8895C6}"
EndProject
Project("{8BC9CEB8-8B4A-11D0-8D11-00A0C91BC942}") = "STL_map", "STL_map\STL_map.vcxproj", "{484DFFAD-DC87-40B3-95D2-6D9E813E6E57}"
EndProject
Project("{8BC9CEB8-8B4A-11D0-8D11-00A0C91BC942}") = "CplusplusList", "CplusplusList\CplusplusList.vcxproj", "{0192F7F5-E332-4422-AE21-827A0767F812}"
EndProject
Project("{8BC9CEB8-8B4A-11D0-8D11-00A0C91BC942}") = "STL_set", "STL_set\STL_set.vcxproj", "{DB25AA9B-74D7-4F17-B49F-A631B511A933}"
EndProject
Global
	GlobalSection(SolutionConfigurationPlatforms) = preSolution
		Debug|x64 = Debug|x64
		Debug|x86 = Debug|x86
		Release|x64 = Release|x64
		Release|x86 = Release|x86
	EndGlobalSection
	GlobalSection(ProjectConfigurationPlatforms) = postSolution
		{C280082E-139B-44DF-AE72-6662A394DA19}.Debug|x64.ActiveCfg = Debug|x64
		{C280082E-139B-44DF-AE72-6662A394DA19}.Debug|x64.Build.0 = Debug|x64
		{C280082E-139B-44DF-AE72-6662A394DA19}.Debug|x86.ActiveCfg = Debug|Win32
		{C280082E-139B-44DF-AE72-6662A394DA19}.Debug|x86.Build.0 = Debug|Win32
		{C280082E-139B-44DF-AE72-6662A394DA19}.Release|x64.ActiveCfg = Release|x64
		{C280082E-139B-44DF-AE72-6662A394DA19}.Release|x64.Build.0 = Release|x64
		{C280082E-139B-44DF-AE72-6662A394DA19}.Release|x86.ActiveCfg = Release|Win32
		{C280082E-139B-44DF-AE72-6662A394DA19}.Release|x86.Build.0 = Release|Win32
		{6CD2874B-FC19-42BF-988B-DA8E48AFB90B}.Debug|x64.ActiveCfg = Debug|x64
		{6CD2874B-FC19-42BF-988B-DA8E48AFB90B}.Debug|x64.Build.0 = Debug|x64
		{6CD2874B-FC19-42BF-988B-DA8E48AFB90B}.Debug|x86.ActiveCfg = Debug|Win32
		{6CD2874B-FC19-42BF-988B-DA8E48AFB90B}.Debug|x86.Build.0 = Debug|Win32
		{6CD2874B-FC19-42BF-988B-DA8E48AFB90B}.Release|x64.ActiveCfg = Release|x64
		{6CD2874B-FC19-42BF-988B-DA8E48AFB90B}.Release|x64.Build.0 = Release|x64
		{6CD2874B-FC19-42BF-988B-DA8E48AFB90B}.Release|x86.ActiveCfg = Release|Win32
		{6CD2874B-FC19-42BF-988B-DA8E48AFB90B}.Release|x86.Build.0 = Release|Win32
		{644B4118-9EBF-4CB7-992B-7C6A3E73C41A}.Debug|x64.ActiveCfg = Debug|x64
		{644B4118-9EBF-4CB7-992B-7C6A3E73C41A}.Debug|x64.Build.0 = Debug|x64
		{644B4118-9EBF-4CB7-992B-7C6A3E73C41A}.Debug|x86.ActiveCfg = Debug|Win32
		{644B4118-9EBF-4CB7-992B-7C6A3E73C41A}.Debug|x86.Build.0 = Debug|Win32
		{644B4118-9EBF-4CB7-992B-7C6A3E73C41A}.Release|x64.ActiveCfg = Release|x64
		{644B4118-9EBF-4CB7-992B-7C6A3E73C41A}.Release|x64.Build.0 = Release|x64
		{644B4118-9EBF-4CB7-992B-7C6A3E73C41A}.Release|x86.ActiveCfg = Release|Win32
		{644B4118-9EBF-4CB7-992B-7C6A3E73C41A}.Release|x86.Build.0 = Release|Win32
		{A0EC52FC-FBD1-4531-BC8B-08FCD26F770C}.Debug|x64.ActiveCfg = Debug|x64
		{A0EC52FC-FBD1-4531-BC8B-08FCD26F770C}.Debug|x64.Build.0 = Debug|x64
		{A0EC52FC-FBD1-4531-BC8B-08FCD26F770C}.Debug|x86.ActiveCfg = Debug|Win32
		{A0EC52FC-FBD1-4531-BC8B-08FCD26F770C}.Debug|x86.Build.0 = Debug|Win32
		{A0EC52FC-FBD1-4531-BC8B-08FCD26F770C}.Release|x64.ActiveCfg = Release|x64
		{A0EC52FC-FBD1-4531-BC8B-08FCD26F770C}.Release|x64.Build.0 = Release|x64
		{A0EC52FC-FBD1-4531-BC8B-08FCD26F770C}.Release|x86.ActiveCfg = Release|Win32
		{A0EC52FC-FBD1-4531-BC8B-08FCD26F770C}.Release|x86.Build.0 = Release|Win32
		{73A439A9-2BA4-4BD0-A4BC-600695FD38DC}.Debug|x64.ActiveCfg = Debug|x64
		{73A439A9-2BA4-4BD0-A4BC-600695FD38DC}.Debug|x64.Build.0 = Debug|x64
		{73A439A9-2BA4-4BD0-A4BC-600695FD38DC}.Debug|x86.ActiveCfg = Debug|Win32
		{73A439A9-2BA4-4BD0-A4BC-600695FD38DC}.Debug|x86.Build.0 = Debug|Win32
		{73A439A9-2BA4-4BD0-A4BC-600695FD38DC}.Release|x64.ActiveCfg = Release|x64
		{73A439A9-2BA4-4BD0-A4BC-600695FD38DC}.Release|x64.Build.0 = Release|x64
		{73A439A9-2BA4-4BD0-A4BC-600695FD38DC}.Release|x86.ActiveCfg = Release|Win32
		{73A439A9-2BA4-4BD0-A4BC-600695FD38DC}.Release|x86.Build.0 = Release|Win32
		{BDE7FA47-E43E-46B1-9F06-221AECAB16F7}.Debug|x64.ActiveCfg = Debug|x64
		{BDE7FA47-E43E-46B1-9F06-221AECAB16F7}.Debug|x64.Build.0 = Debug|x64
		{BDE7FA47-E43E-46B1-9F06-221AECAB16F7}.Debug|x86.ActiveCfg = Debug|Win32
		{BDE7FA47-E43E-46B1-9F06-221AECAB16F7}.Debug|x86.Build.0 = Debug|Win32
		{BDE7FA47-E43E-46B1-9F06-221AECAB16F7}.Release|x64.ActiveCfg = Release|x64
		{BDE7FA47-E43E-46B1-9F06-221AECAB16F7}.Release|x64.Build.0 = Release|x64
		{BDE7FA47-E43E-46B1-9F06-221AECAB16F7}.Release|x86.ActiveCfg = Release|Win32
		{BDE7FA47-E43E-46B1-9F06-221AECAB16F7}.Release|x86.Build.0 = Release|Win32
		{D2829988-68DA-477C-9044-AC60C57EBF97}.Debug|x64.ActiveCfg = Debug|x64
		{D2829988-68DA-477C-9044-AC60C57EBF97}.Debug|x64.Build.0 = Debug|x64
		{D2829988-68DA-477C-9044-AC60C57EBF97}.Debug|x86.ActiveCfg = Debug|Win32
		{D2829988-68DA-477C-9044-AC60C57EBF97}.Debug|x86.Build.0 = Debug|Win32
		{D2829988-68DA-477C-9044-AC60C57EBF97}.Release|x64.ActiveCfg = Release|x64
		{D2829988-68DA-477C-9044-AC60C57EBF97}.Release|x64.Build.0 = Release|x64
		{D2829988-68DA-477C-9044-AC60C57EBF97}.Release|x86.ActiveCfg = Release|Win32
		{D2829988-68DA-477C-9044-AC60C57EBF97}.Release|x86.Build.0 = Release|Win32
		{5FD4B1FA-861D-482B-AF4A-12669CD5CEDD}.Debug|x64.ActiveCfg = Debug|x64
		{5FD4B1FA-861D-482B-AF4A-12669CD5CEDD}.Debug|x64.Build.0 = Debug|x64
		{5FD4B1FA-861D-482B-AF4A-12669CD5CEDD}.Debug|x86.ActiveCfg = Debug|Win32
		{5FD4B1FA-861D-482B-AF4A-12669CD5CEDD}.Debug|x86.Build.0 = Debug|Win32
		{5FD4B1FA-861D-482B-AF4A-12669CD5CEDD}.Release|x64.ActiveCfg = Release|x64
		{5FD4B1FA-861D-482B-AF4A-12669CD5CEDD}.Release|x64.Build.0 = Release|x64
		{5FD4B1FA-861D-482B-AF4A-12669CD5CEDD}.Release|x86.ActiveCfg = Release|Win32
		{5FD4B1FA-861D-482B-AF4A-12669CD5CEDD}.Release|x86.Build.0 = Release|Win32
		{FB01D039-7C87-4E34-827D-D0B2878E6804}.Debug|x64.ActiveCfg = Debug|x64
		{FB01D039-7C87-4E34-827D-D0B2878E6804}.Debug|x64.Build.0 = Debug|x64
		{FB01D039-7C87-4E34-827D-D0B2878E6804}.Debug|x86.ActiveCfg = Debug|Win32
		{FB01D039-7C87-4E34-827D-D0B2878E6804}.Debug|x86.Build.0 = Debug|Win32
		{FB01D039-7C87-4E34-827D-D0B2878E6804}.Release|x64.ActiveCfg = Release|x64
		{FB01D039-7C87-4E34-827D-D0B2878E6804}.Release|x64.Build.0 = Release|x64
		{FB01D039-7C87-4E34-827D-D0B2878E6804}.Release|x86.ActiveCfg = Release|Win32
		{FB01D039-7C87-4E34-827D-D0B2878E6804}.Release|x86.Build.0 = Release|Win32
		{266C6E2A-1FA5-4C3A-A027-2B27754BFE95}.Debug|x64.ActiveCfg = Debug|x64
		{266C6E2A-1FA5-4C3A-A027-2B27754BFE95}.Debug|x64.Build.0 = Debug|x64
		{266C6E2A-1FA5-4C3A-A027-2B27754BFE95}.Debug|x86.ActiveCfg = Debug|Win32
		{266C6E2A-1FA5-4C3A-A027-2B27754BFE95}.Debug|x86.Build.0 = Debug|Win32
		{266C6E2A-1FA5-4C3A-A027-2B27754BFE95}.Release|x64.ActiveCfg = Release|x64
		{266C6E2A-1FA5-4C3A-A027-2B27754BFE95}.Release|x64.Build.0 = Release|x64
		{266C6E2A-1FA5-4C3A-A027-2B27754BFE95}.Release|x86.ActiveCfg = Release|Win32
		{266C6E2A-1FA5-4C3A-A027-2B27754BFE95}.Release|x86.Build.0 = Release|Win32
		{B1F529A5-2A3C-4D84-94BB-F1886867D8B9}.Debug|x64.ActiveCfg = Debug|x64
		{B1F529A5-2A3C-4D84-94BB-F1886867D8B9}.Debug|x64.Build.0 = Debug|x64
		{B1F529A5-2A3C-4D84-94BB-F1886867D8B9}.Debug|x86.ActiveCfg = Debug|Win32
		{B1F529A5-2A3C-4D84-94BB-F1886867D8B9}.Debug|x86.Build.0 = Debug|Win32
		{B1F529A5-2A3C-4D84-94BB-F1886867D8B9}.Release|x64.ActiveCfg = Release|x64
		{B1F529A5-2A3C-4D84-94BB-F1886867D8B9}.Release|x64.Build.0 = Release|x64
		{B1F529A5-2A3C-4D84-94BB-F1886867D8B9}.Release|x86.ActiveCfg = Release|Win32
		{B1F529A5-2A3C-4D84-94BB-F1886867D8B9}.Release|x86.Build.0 = Release|Win32
		{B9F993D5-9889-461F-AE7D-889784EAA03E}.Debug|x64.ActiveCfg = Debug|x64
		{B9F993D5-9889-461F-AE7D-889784EAA03E}.Debug|x64.Build.0 = Debug|x64
		{B9F993D5-9889-461F-AE7D-889784EAA03E}.Debug|x86.ActiveCfg = Debug|Win32
		{B9F993D5-9889-461F-AE7D-889784EAA03E}.Debug|x86.Build.0 = Debug|Win32
		{B9F993D5-9889-461F-AE7D-889784EAA03E}.Release|x64.ActiveCfg = Release|x64
		{B9F993D5-9889-461F-AE7D-889784EAA03E}.Release|x64.Build.0 = Release|x64
		{B9F993D5-9889-461F-AE7D-889784EAA03E}.Release|x86.ActiveCfg = Release|Win32
		{B9F993D5-9889-461F-AE7D-889784EAA03E}.Release|x86.Build.0 = Release|Win32
		{557E0753-AF01-47F0-8358-45D8ACAE08CF}.Debug|x64.ActiveCfg = Debug|x64
		{557E0753-AF01-47F0-8358-45D8ACAE08CF}.Debug|x64.Build.0 = Debug|x64
		{557E0753-AF01-47F0-8358-45D8ACAE08CF}.Debug|x86.ActiveCfg = Debug|Win32
		{557E0753-AF01-47F0-8358-45D8ACAE08CF}.Debug|x86.Build.0 = Debug|Win32
		{557E0753-AF01-47F0-8358-45D8ACAE08CF}.Release|x64.ActiveCfg = Release|x64
		{557E0753-AF01-47F0-8358-45D8ACAE08CF}.Release|x64.Build.0 = Release|x64
		{557E0753-AF01-47F0-8358-45D8ACAE08CF}.Release|x86.ActiveCfg = Release|Win32
		{557E0753-AF01-47F0-8358-45D8ACAE08CF}.Release|x86.Build.0 = Release|Win32
		{288AFCF3-E144-4723-BE70-AA1B0055B51D}.Debug|x64.ActiveCfg = Debug|x64
		{288AFCF3-E144-4723-BE70-AA1B0055B51D}.Debug|x64.Build.0 = Debug|x64
		{288AFCF3-E144-4723-BE70-AA1B0055B51D}.Debug|x86.ActiveCfg = Debug|Win32
		{288AFCF3-E144-4723-BE70-AA1B0055B51D}.Debug|x86.Build.0 = Debug|Win32
		{288AFCF3-E144-4723-BE70-AA1B0055B51D}.Release|x64.ActiveCfg = Release|x64
		{288AFCF3-E144-4723-BE70-AA1B0055B51D}.Release|x64.Build.0 = Release|x64
		{288AFCF3-E144-4723-BE70-AA1B0055B51D}.Release|x86.ActiveCfg = Release|Win32
		{288AFCF3-E144-4723-BE70-AA1B0055B51D}.Release|x86.Build.0 = Release|Win32
		{2282B9F5-C894-4207-87F6-B85C18321E36}.Debug|x64.ActiveCfg = Debug|x64
		{2282B9F5-C894-4207-87F6-B85C18321E36}.Debug|x64.Build.0 = Debug|x64
		{2282B9F5-C894-4207-87F6-B85C18321E36}.Debug|x86.ActiveCfg = Debug|Win32
		{2282B9F5-C894-4207-87F6-B85C18321E36}.Debug|x86.Build.0 = Debug|Win32
		{2282B9F5-C894-4207-87F6-B85C18321E36}.Release|x64.ActiveCfg = Release|x64
		{2282B9F5-C894-4207-87F6-B85C18321E36}.Release|x64.Build.0 = Release|x64
		{2282B9F5-C894-4207-87F6-B85C18321E36}.Release|x86.ActiveCfg = Release|Win32
		{2282B9F5-C894-4207-87F6-B85C18321E36}.Release|x86.Build.0 = Release|Win32
		{E7787521-F358-431A-882E-445269D0DB28}.Debug|x64.ActiveCfg = Debug|x64
		{E7787521-F358-431A-882E-445269D0DB28}.Debug|x64.Build.0 = Debug|x64
		{E7787521-F358-431A-882E-445269D0DB28}.Debug|x86.ActiveCfg = Debug|Win32
		{E7787521-F358-431A-882E-445269D0DB28}.Debug|x86.Build.0 = Debug|Win32
		{E7787521-F358-431A-882E-445269D0DB28}.Release|x64.ActiveCfg = Release|x64
		{E7787521-F358-431A-882E-445269D0DB28}.Release|x64.Build.0 = Release|x64
		{E7787521-F358-431A-882E-445269D0DB28}.Release|x86.ActiveCfg = Release|Win32
		{E7787521-F358-431A-882E-445269D0DB28}.Release|x86.Build.0 = Release|Win32
		{FB0CDFA4-0486-4F00-AC68-7931DBAC4636}.Debug|x64.ActiveCfg = Debug|x64
		{FB0CDFA4-0486-4F00-AC68-7931DBAC4636}.Debug|x64.Build.0 = Debug|x64
		{FB0CDFA4-0486-4F00-AC68-7931DBAC4636}.Debug|x86.ActiveCfg = Debug|Win32
		{FB0CDFA4-0486-4F00-AC68-7931DBAC4636}.Debug|x86.Build.0 = Debug|Win32
		{FB0CDFA4-0486-4F00-AC68-7931DBAC4636}.Release|x64.ActiveCfg = Release|x64
		{FB0CDFA4-0486-4F00-AC68-7931DBAC4636}.Release|x64.Build.0 = Release|x64
		{FB0CDFA4-0486-4F00-AC68-7931DBAC4636}.Release|x86.ActiveCfg = Release|Win32
		{FB0CDFA4-0486-4F00-AC68-7931DBAC4636}.Release|x86.Build.0 = Release|Win32
		{D30893E0-3C75-46A4-83B7-61F2FBB405B7}.Debug|x64.ActiveCfg = Debug|x64
		{D30893E0-3C75-46A4-83B7-61F2FBB405B7}.Debug|x64.Build.0 = Debug|x64
		{D30893E0-3C75-46A4-83B7-61F2FBB405B7}.Debug|x86.ActiveCfg = Debug|Win32
		{D30893E0-3C75-46A4-83B7-61F2FBB405B7}.Debug|x86.Build.0 = Debug|Win32
		{D30893E0-3C75-46A4-83B7-61F2FBB405B7}.Release|x64.ActiveCfg = Release|x64
		{D30893E0-3C75-46A4-83B7-61F2FBB405B7}.Release|x64.Build.0 = Release|x64
		{D30893E0-3C75-46A4-83B7-61F2FBB405B7}.Release|x86.ActiveCfg = Release|Win32
		{D30893E0-3C75-46A4-83B7-61F2FBB405B7}.Release|x86.Build.0 = Release|Win32
		{3375B86B-5BA6-421C-8AE5-70F8D2ABFA34}.Debug|x64.ActiveCfg = Debug|x64
		{3375B86B-5BA6-421C-8AE5-70F8D2ABFA34}.Debug|x64.Build.0 = Debug|x64
		{3375B86B-5BA6-421C-8AE5-70F8D2ABFA34}.Debug|x86.ActiveCfg = Debug|Win32
		{3375B86B-5BA6-421C-8AE5-70F8D2ABFA34}.Debug|x86.Build.0 = Debug|Win32
		{3375B86B-5BA6-421C-8AE5-70F8D2ABFA34}.Release|x64.ActiveCfg = Release|x64
		{3375B86B-5BA6-421C-8AE5-70F8D2ABFA34}.Release|x64.Build.0 = Release|x64
		{3375B86B-5BA6-421C-8AE5-70F8D2ABFA34}.Release|x86.ActiveCfg = Release|Win32
		{3375B86B-5BA6-421C-8AE5-70F8D2ABFA34}.Release|x86.Build.0 = Release|Win32
		{CEFEAEBA-4DD2-4C36-8C38-840593233FD6}.Debug|x64.ActiveCfg = Debug|x64
		{CEFEAEBA-4DD2-4C36-8C38-840593233FD6}.Debug|x64.Build.0 = Debug|x64
		{CEFEAEBA-4DD2-4C36-8C38-840593233FD6}.Debug|x86.ActiveCfg = Debug|Win32
		{CEFEAEBA-4DD2-4C36-8C38-840593233FD6}.Debug|x86.Build.0 = Debug|Win32
		{CEFEAEBA-4DD2-4C36-8C38-840593233FD6}.Release|x64.ActiveCfg = Release|x64
		{CEFEAEBA-4DD2-4C36-8C38-840593233FD6}.Release|x64.Build.0 = Release|x64
		{CEFEAEBA-4DD2-4C36-8C38-840593233FD6}.Release|x86.ActiveCfg = Release|Win32
		{CEFEAEBA-4DD2-4C36-8C38-840593233FD6}.Release|x86.Build.0 = Release|Win32
		{8C82DC13-FFF0-49F0-B595-D24D479F8CE9}.Debug|x64.ActiveCfg = Debug|x64
		{8C82DC13-FFF0-49F0-B595-D24D479F8CE9}.Debug|x64.Build.0 = Debug|x64
		{8C82DC13-FFF0-49F0-B595-D24D479F8CE9}.Debug|x86.ActiveCfg = Debug|Win32
		{8C82DC13-FFF0-49F0-B595-D24D479F8CE9}.Debug|x86.Build.0 = Debug|Win32
		{8C82DC13-FFF0-49F0-B595-D24D479F8CE9}.Release|x64.ActiveCfg = Release|x64
		{8C82DC13-FFF0-49F0-B595-D24D479F8CE9}.Release|x64.Build.0 = Release|x64
		{8C82DC13-FFF0-49F0-B595-D24D479F8CE9}.Release|x86.ActiveCfg = Release|Win32
		{8C82DC13-FFF0-49F0-B595-D24D479F8CE9}.Release|x86.Build.0 = Release|Win32
		{3C9D43FE-2844-446B-9204-BB6ECE980D4F}.Debug|x64.ActiveCfg = Debug|x64
		{3C9D43FE-2844-446B-9204-BB6ECE980D4F}.Debug|x64.Build.0 = Debug|x64
		{3C9D43FE-2844-446B-9204-BB6ECE980D4F}.Debug|x86.ActiveCfg = Debug|Win32
		{3C9D43FE-2844-446B-9204-BB6ECE980D4F}.Debug|x86.Build.0 = Debug|Win32
		{3C9D43FE-2844-446B-9204-BB6ECE980D4F}.Release|x64.ActiveCfg = Release|x64
		{3C9D43FE-2844-446B-9204-BB6ECE980D4F}.Release|x64.Build.0 = Release|x64
		{3C9D43FE-2844-446B-9204-BB6ECE980D4F}.Release|x86.ActiveCfg = Release|Win32
		{3C9D43FE-2844-446B-9204-BB6ECE980D4F}.Release|x86.Build.0 = Release|Win32
		{DEE062D8-9347-43C8-9478-D80A72BEB56B}.Debug|x64.ActiveCfg = Debug|x64
		{DEE062D8-9347-43C8-9478-D80A72BEB56B}.Debug|x64.Build.0 = Debug|x64
		{DEE062D8-9347-43C8-9478-D80A72BEB56B}.Debug|x86.ActiveCfg = Debug|Win32
		{DEE062D8-9347-43C8-9478-D80A72BEB56B}.Debug|x86.Build.0 = Debug|Win32
		{DEE062D8-9347-43C8-9478-D80A72BEB56B}.Release|x64.ActiveCfg = Release|x64
		{DEE062D8-9347-43C8-9478-D80A72BEB56B}.Release|x64.Build.0 = Release|x64
		{DEE062D8-9347-43C8-9478-D80A72BEB56B}.Release|x86.ActiveCfg = Release|Win32
		{DEE062D8-9347-43C8-9478-D80A72BEB56B}.Release|x86.Build.0 = Release|Win32
		{45D92936-FDD9-4B2A-9CDC-4C0C3FCE247F}.Debug|x64.ActiveCfg = Debug|x64
		{45D92936-FDD9-4B2A-9CDC-4C0C3FCE247F}.Debug|x64.Build.0 = Debug|x64
		{45D92936-FDD9-4B2A-9CDC-4C0C3FCE247F}.Debug|x86.ActiveCfg = Debug|Win32
		{45D92936-FDD9-4B2A-9CDC-4C0C3FCE247F}.Debug|x86.Build.0 = Debug|Win32
		{45D92936-FDD9-4B2A-9CDC-4C0C3FCE247F}.Release|x64.ActiveCfg = Release|x64
		{45D92936-FDD9-4B2A-9CDC-4C0C3FCE247F}.Release|x64.Build.0 = Release|x64
		{45D92936-FDD9-4B2A-9CDC-4C0C3FCE247F}.Release|x86.ActiveCfg = Release|Win32
		{45D92936-FDD9-4B2A-9CDC-4C0C3FCE247F}.Release|x86.Build.0 = Release|Win32
		{A96093E6-D428-4990-9CC6-603C58B257AD}.Debug|x64.ActiveCfg = Debug|x64
		{A96093E6-D428-4990-9CC6-603C58B257AD}.Debug|x64.Build.0 = Debug|x64
		{A96093E6-D428-4990-9CC6-603C58B257AD}.Debug|x86.ActiveCfg = Debug|Win32
		{A96093E6-D428-4990-9CC6-603C58B257AD}.Debug|x86.Build.0 = Debug|Win32
		{A96093E6-D428-4990-9CC6-603C58B257AD}.Release|x64.ActiveCfg = Release|x64
		{A96093E6-D428-4990-9CC6-603C58B257AD}.Release|x64.Build.0 = Release|x64
		{A96093E6-D428-4990-9CC6-603C58B257AD}.Release|x86.ActiveCfg = Release|Win32
		{A96093E6-D428-4990-9CC6-603C58B257AD}.Release|x86.Build.0 = Release|Win32
		{991F44FC-C265-4180-B65E-DB17A84214CD}.Debug|x64.ActiveCfg = Debug|x64
		{991F44FC-C265-4180-B65E-DB17A84214CD}.Debug|x64.Build.0 = Debug|x64
		{991F44FC-C265-4180-B65E-DB17A84214CD}.Debug|x86.ActiveCfg = Debug|Win32
		{991F44FC-C265-4180-B65E-DB17A84214CD}.Debug|x86.Build.0 = Debug|Win32
		{991F44FC-C265-4180-B65E-DB17A84214CD}.Release|x64.ActiveCfg = Release|x64
		{991F44FC-C265-4180-B65E-DB17A84214CD}.Release|x64.Build.0 = Release|x64
		{991F44FC-C265-4180-B65E-DB17A84214CD}.Release|x86.ActiveCfg = Release|Win32
		{991F44FC-C265-4180-B65E-DB17A84214CD}.Release|x86.Build.0 = Release|Win32
		{B1E8A21B-D3F4-4AEF-A6F1-A43F345ED4BE}.Debug|x64.ActiveCfg = Debug|x64
		{B1E8A21B-D3F4-4AEF-A6F1-A43F345ED4BE}.Debug|x64.Build.0 = Debug|x64
		{B1E8A21B-D3F4-4AEF-A6F1-A43F345ED4BE}.Debug|x86.ActiveCfg = Debug|Win32
		{B1E8A21B-D3F4-4AEF-A6F1-A43F345ED4BE}.Debug|x86.Build.0 = Debug|Win32
		{B1E8A21B-D3F4-4AEF-A6F1-A43F345ED4BE}.Release|x64.ActiveCfg = Release|x64
		{B1E8A21B-D3F4-4AEF-A6F1-A43F345ED4BE}.Release|x64.Build.0 = Release|x64
		{B1E8A21B-D3F4-4AEF-A6F1-A43F345ED4BE}.Release|x86.ActiveCfg = Release|Win32
		{B1E8A21B-D3F4-4AEF-A6F1-A43F345ED4BE}.Release|x86.Build.0 = Release|Win32
		{6CAF944F-D0AE-43B8-9E34-762938FEEA48}.Debug|x64.ActiveCfg = Debug|x64
		{6CAF944F-D0AE-43B8-9E34-762938FEEA48}.Debug|x64.Build.0 = Debug|x64
		{6CAF944F-D0AE-43B8-9E34-762938FEEA48}.Debug|x86.ActiveCfg = Debug|Win32
		{6CAF944F-D0AE-43B8-9E34-762938FEEA48}.Debug|x86.Build.0 = Debug|Win32
		{6CAF944F-D0AE-43B8-9E34-762938FEEA48}.Release|x64.ActiveCfg = Release|x64
		{6CAF944F-D0AE-43B8-9E34-762938FEEA48}.Release|x64.Build.0 = Release|x64
		{6CAF944F-D0AE-43B8-9E34-762938FEEA48}.Release|x86.ActiveCfg = Release|Win32
		{6CAF944F-D0AE-43B8-9E34-762938FEEA48}.Release|x86.Build.0 = Release|Win32
		{C35F384E-B540-4600-8311-3ACDA5A57033}.Debug|x64.ActiveCfg = Debug|x64
		{C35F384E-B540-4600-8311-3ACDA5A57033}.Debug|x64.Build.0 = Debug|x64
		{C35F384E-B540-4600-8311-3ACDA5A57033}.Debug|x86.ActiveCfg = Debug|Win32
		{C35F384E-B540-4600-8311-3ACDA5A57033}.Debug|x86.Build.0 = Debug|Win32
		{C35F384E-B540-4600-8311-3ACDA5A57033}.Release|x64.ActiveCfg = Release|x64
		{C35F384E-B540-4600-8311-3ACDA5A57033}.Release|x64.Build.0 = Release|x64
		{C35F384E-B540-4600-8311-3ACDA5A57033}.Release|x86.ActiveCfg = Release|Win32
		{C35F384E-B540-4600-8311-3ACDA5A57033}.Release|x86.Build.0 = Release|Win32
		{9A97CED8-5B64-4E7D-8FE0-728D144F5687}.Debug|x64.ActiveCfg = Debug|x64
		{9A97CED8-5B64-4E7D-8FE0-728D144F5687}.Debug|x64.Build.0 = Debug|x64
		{9A97CED8-5B64-4E7D-8FE0-728D144F5687}.Debug|x86.ActiveCfg = Debug|Win32
		{9A97CED8-5B64-4E7D-8FE0-728D144F5687}.Debug|x86.Build.0 = Debug|Win32
		{9A97CED8-5B64-4E7D-8FE0-728D144F5687}.Release|x64.ActiveCfg = Release|x64
		{9A97CED8-5B64-4E7D-8FE0-728D144F5687}.Release|x64.Build.0 = Release|x64
		{9A97CED8-5B64-4E7D-8FE0-728D144F5687}.Release|x86.ActiveCfg = Release|Win32
		{9A97CED8-5B64-4E7D-8FE0-728D144F5687}.Release|x86.Build.0 = Release|Win32
		{D449EE83-F4C1-41E3-9784-A1F37E8895C6}.Debug|x64.ActiveCfg = Debug|x64
		{D449EE83-F4C1-41E3-9784-A1F37E8895C6}.Debug|x64.Build.0 = Debug|x64
		{D449EE83-F4C1-41E3-9784-A1F37E8895C6}.Debug|x86.ActiveCfg = Debug|Win32
		{D449EE83-F4C1-41E3-9784-A1F37E8895C6}.Debug|x86.Build.0 = Debug|Win32
		{D449EE83-F4C1-41E3-9784-A1F37E8895C6}.Release|x64.ActiveCfg = Release|x64
		{D449EE83-F4C1-41E3-9784-A1F37E8895C6}.Release|x64.Build.0 = Release|x64
		{D449EE83-F4C1-41E3-9784-A1F37E8895C6}.Release|x86.ActiveCfg = Release|Win32
		{D449EE83-F4C1-41E3-9784-A1F37E8895C6}.Release|x86.Build.0 = Release|Win32
		{484DFFAD-DC87-40B3-95D2-6D9E813E6E57}.Debug|x64.ActiveCfg = Debug|x64
		{484DFFAD-DC87-40B3-95D2-6D9E813E6E57}.Debug|x64.Build.0 = Debug|x64
		{484DFFAD-DC87-40B3-95D2-6D9E813E6E57}.Debug|x86.ActiveCfg = Debug|Win32
		{484DFFAD-DC87-40B3-95D2-6D9E813E6E57}.Debug|x86.Build.0 = Debug|Win32
		{484DFFAD-DC87-40B3-95D2-6D9E813E6E57}.Release|x64.ActiveCfg = Release|x64
		{484DFFAD-DC87-40B3-95D2-6D9E813E6E57}.Release|x64.Build.0 = Release|x64
		{484DFFAD-DC87-40B3-95D2-6D9E813E6E57}.Release|x86.ActiveCfg = Release|Win32
		{484DFFAD-DC87-40B3-95D2-6D9E813E6E57}.Release|x86.Build.0 = Release|Win32
		{0192F7F5-E332-4422-AE21-827A0767F812}.Debug|x64.ActiveCfg = Debug|x64
		{0192F7F5-E332-4422-AE21-827A0767F812}.Debug|x64.Build.0 = Debug|x64
		{0192F7F5-E332-4422-AE21-827A0767F812}.Debug|x86.ActiveCfg = Debug|Win32
		{0192F7F5-E332-4422-AE21-827A0767F812}.Debug|x86.Build.0 = Debug|Win32
		{0192F7F5-E332-4422-AE21-827A0767F812}.Release|x64.ActiveCfg = Release|x64
		{0192F7F5-E332-4422-AE21-827A0767F812}.Release|x64.Build.0 = Release|x64
		{0192F7F5-E332-4422-AE21-827A0767F812}.Release|x86.ActiveCfg = Release|Win32
		{0192F7F5-E332-4422-AE21-827A0767F812}.Release|x86.Build.0 = Release|Win32
		{DB25AA9B-74D7-4F17-B49F-A631B511A933}.Debug|x64.ActiveCfg = Debug|x64
		{DB25AA9B-74D7-4F17-B49F-A631B511A933}.Debug|x64.Build.0 = Debug|x64
		{DB25AA9B-74D7-4F17-B49F-A631B511A933}.Debug|x86.ActiveCfg = Debug|Win32
		{DB25AA9B-74D7-4F17-B49F-A631B511A933}.Debug|x86.Build.0 = Debug|Win32
		{DB25AA9B-74D7-4F17-B49F-A631B511A933}.Release|x64.ActiveCfg = Release|x64
		{DB25AA9B-74D7-4F17-B49F-A631B511A933}.Release|x64.Build.0 = Release|x64
		{DB25AA9B-74D7-4F17-B49F-A631B511A933}.Release|x86.ActiveCfg = Release|Win32
		{DB25AA9B-74D7-4F17-B49F-A631B511A933}.Release|x86.Build.0 = Release|Win32
	EndGlobalSection
	GlobalSection(SolutionProperties) = preSolution
		HideSolutionNode = FALSE
	EndGlobalSection
	GlobalSection(ExtensibilityGlobals) = postSolution
		SolutionGuid = {803FD46A-7F42-43A0-BE55-047738EC74BF}
	EndGlobalSection
EndGlobal
